
Microsoft Visual Studio Solution File, Format Version 12.00
# Visual Studio 2012
Project("{FAE04EC0-301F-11D3-BF4B-00C04F79EFBC}") = "Intermission", "Intermission.csproj", "{5B0DB4DF-34B1-4BDC-B993-955CE21301D3}"
EndProject
Project("{FAE04EC0-301F-11D3-BF4B-00C04F79EFBC}") = "UI", "UI\UI.csproj", "{C0E1C95D-3CA2-4E08-823B-89372F4C3BF5}"
EndProject
Project("{FAE04EC0-301F-11D3-BF4B-00C04F79EFBC}") = "RawVideo", "RawVideo\RawVideo.csproj", "{F62EFF0C-5327-497E-B933-0EFE4B95EAA9}"
EndProject
Global
	GlobalSection(SolutionConfigurationPlatforms) = preSolution
		Debug|Any CPU = Debug|Any CPU
		Release|Any CPU = Release|Any CPU
	EndGlobalSection
	GlobalSection(ProjectConfigurationPlatforms) = postSolution
		{5B0DB4DF-34B1-4BDC-B993-955CE21301D3}.Debug|Any CPU.ActiveCfg = Debug|Any CPU
		{5B0DB4DF-34B1-4BDC-B993-955CE21301D3}.Debug|Any CPU.Build.0 = Debug|Any CPU
		{5B0DB4DF-34B1-4BDC-B993-955CE21301D3}.Release|Any CPU.ActiveCfg = Release|Any CPU
		{5B0DB4DF-34B1-4BDC-B993-955CE21301D3}.Release|Any CPU.Build.0 = Release|Any CPU
		{C0E1C95D-3CA2-4E08-823B-89372F4C3BF5}.Debug|Any CPU.ActiveCfg = Debug|Any CPU
		{C0E1C95D-3CA2-4E08-823B-89372F4C3BF5}.Debug|Any CPU.Build.0 = Debug|Any CPU
		{C0E1C95D-3CA2-4E08-823B-89372F4C3BF5}.Release|Any CPU.ActiveCfg = Release|Any CPU
		{C0E1C95D-3CA2-4E08-823B-89372F4C3BF5}.Release|Any CPU.Build.0 = Release|Any CPU
		{F62EFF0C-5327-497E-B933-0EFE4B95EAA9}.Debug|Any CPU.ActiveCfg = Debug|Any CPU
		{F62EFF0C-5327-497E-B933-0EFE4B95EAA9}.Debug|Any CPU.Build.0 = Debug|Any CPU
		{F62EFF0C-5327-497E-B933-0EFE4B95EAA9}.Release|Any CPU.ActiveCfg = Release|Any CPU
		{F62EFF0C-5327-497E-B933-0EFE4B95EAA9}.Release|Any CPU.Build.0 = Release|Any CPU
	EndGlobalSection
	GlobalSection(SolutionProperties) = preSolution
		HideSolutionNode = FALSE
	EndGlobalSection
EndGlobal
