
Microsoft Visual Studio Solution File, Format Version 12.00
# Visual Studio Version 16
VisualStudioVersion = 16.0.28721.148
MinimumVisualStudioVersion = 10.0.40219.1
Project("{FAE04EC0-301F-11D3-BF4B-00C04F79EFBC}") = "Intermission", "Intermission.csproj", "{5B0DB4DF-34B1-4BDC-B993-955CE21301D3}"
EndProject
Project("{FAE04EC0-301F-11D3-BF4B-00C04F79EFBC}") = "UI", "UI\UI.csproj", "{C0E1C95D-3CA2-4E08-823B-89372F4C3BF5}"
EndProject
Project("{FAE04EC0-301F-11D3-BF4B-00C04F79EFBC}") = "RawVideo", "RawVideo\RawVideo.csproj", "{F62EFF0C-5327-497E-B933-0EFE4B95EAA9}"
EndProject
Project("{FAE04EC0-301F-11D3-BF4B-00C04F79EFBC}") = "PNGFiles", "PNGFiles\PNGFiles.csproj", "{B6250326-E32C-450D-BD7C-0DD073C8F76C}"
EndProject
Global
	GlobalSection(SolutionConfigurationPlatforms) = preSolution
		Debug|Any CPU = Debug|Any CPU
		Release|Any CPU = Release|Any CPU
	EndGlobalSection
	GlobalSection(ProjectConfigurationPlatforms) = postSolution
		{5B0DB4DF-34B1-4BDC-B993-955CE21301D3}.Debug|Any CPU.ActiveCfg = Debug|Any CPU
		{5B0DB4DF-34B1-4BDC-B993-955CE21301D3}.Debug|Any CPU.Build.0 = Debug|Any CPU
		{5B0DB4DF-34B1-4BDC-B993-955CE21301D3}.Release|Any CPU.ActiveCfg = Release|Any CPU
		{5B0DB4DF-34B1-4BDC-B993-955CE21301D3}.Release|Any CPU.Build.0 = Release|Any CPU
		{C0E1C95D-3CA2-4E08-823B-89372F4C3BF5}.Debug|Any CPU.ActiveCfg = Debug|Any CPU
		{C0E1C95D-3CA2-4E08-823B-89372F4C3BF5}.Debug|Any CPU.Build.0 = Debug|Any CPU
		{C0E1C95D-3CA2-4E08-823B-89372F4C3BF5}.Release|Any CPU.ActiveCfg = Release|Any CPU
		{C0E1C95D-3CA2-4E08-823B-89372F4C3BF5}.Release|Any CPU.Build.0 = Release|Any CPU
		{F62EFF0C-5327-497E-B933-0EFE4B95EAA9}.Debug|Any CPU.ActiveCfg = Debug|Any CPU
		{F62EFF0C-5327-497E-B933-0EFE4B95EAA9}.Debug|Any CPU.Build.0 = Debug|Any CPU
		{F62EFF0C-5327-497E-B933-0EFE4B95EAA9}.Release|Any CPU.ActiveCfg = Release|Any CPU
		{F62EFF0C-5327-497E-B933-0EFE4B95EAA9}.Release|Any CPU.Build.0 = Release|Any CPU
		{B6250326-E32C-450D-BD7C-0DD073C8F76C}.Debug|Any CPU.ActiveCfg = Debug|Any CPU
		{B6250326-E32C-450D-BD7C-0DD073C8F76C}.Debug|Any CPU.Build.0 = Debug|Any CPU
		{B6250326-E32C-450D-BD7C-0DD073C8F76C}.Release|Any CPU.ActiveCfg = Release|Any CPU
		{B6250326-E32C-450D-BD7C-0DD073C8F76C}.Release|Any CPU.Build.0 = Release|Any CPU
	EndGlobalSection
	GlobalSection(SolutionProperties) = preSolution
		HideSolutionNode = FALSE
	EndGlobalSection
	GlobalSection(ExtensibilityGlobals) = postSolution
		SolutionGuid = {C020AF95-BAF8-4C99-846C-27CCEE6D5A8B}
	EndGlobalSection
EndGlobal
